
Microsoft Visual Studio Solution File, Format Version 12.00
# Visual Studio Version 17
VisualStudioVersion = 17.5.002.0
MinimumVisualStudioVersion = 10.0.40219.1
Project("{9A19103F-16F7-4668-BE54-9A1E7A4F7556}") = "Aplikacija", "Aplikacija.csproj", "{1AF33B9A-549F-4F22-9ADD-F1DB35DB6AEC}"
EndProject
Global
	GlobalSection(SolutionConfigurationPlatforms) = preSolution
		Debug|Any CPU = Debug|Any CPU
		Release|Any CPU = Release|Any CPU
	EndGlobalSection
	GlobalSection(ProjectConfigurationPlatforms) = postSolution
		{1AF33B9A-549F-4F22-9ADD-F1DB35DB6AEC}.Debug|Any CPU.ActiveCfg = Debug|Any CPU
		{1AF33B9A-549F-4F22-9ADD-F1DB35DB6AEC}.Debug|Any CPU.Build.0 = Debug|Any CPU
		{1AF33B9A-549F-4F22-9ADD-F1DB35DB6AEC}.Release|Any CPU.ActiveCfg = Release|Any CPU
		{1AF33B9A-549F-4F22-9ADD-F1DB35DB6AEC}.Release|Any CPU.Build.0 = Release|Any CPU
	EndGlobalSection
	GlobalSection(SolutionProperties) = preSolution
		HideSolutionNode = FALSE
	EndGlobalSection
	GlobalSection(ExtensibilityGlobals) = postSolution
		SolutionGuid = {8C0AC289-0BB0-4E24-B321-A08F1D8B8C03}
	EndGlobalSection
EndGlobal
